
Microsoft Visual Studio Solution File, Format Version 12.00
# Visual Studio Version 16
VisualStudioVersion = 16.0.31205.134
MinimumVisualStudioVersion = 10.0.40219.1
Project("{FAE04EC0-301F-11D3-BF4B-00C04F79EFBC}") = "Max3Ex", "Max3Ex\Max3Ex.csproj", "{C57291FA-8599-4446-86DC-6328A4405B67}"
EndProject
Global
	GlobalSection(SolutionConfigurationPlatforms) = preSolution
		Debug|Any CPU = Debug|Any CPU
		Release|Any CPU = Release|Any CPU
	EndGlobalSection
	GlobalSection(ProjectConfigurationPlatforms) = postSolution
		{C57291FA-8599-4446-86DC-6328A4405B67}.Debug|Any CPU.ActiveCfg = Debug|Any CPU
		{C57291FA-8599-4446-86DC-6328A4405B67}.Debug|Any CPU.Build.0 = Debug|Any CPU
		{C57291FA-8599-4446-86DC-6328A4405B67}.Release|Any CPU.ActiveCfg = Release|Any CPU
		{C57291FA-8599-4446-86DC-6328A4405B67}.Release|Any CPU.Build.0 = Release|Any CPU
	EndGlobalSection
	GlobalSection(SolutionProperties) = preSolution
		HideSolutionNode = FALSE
	EndGlobalSection
	GlobalSection(ExtensibilityGlobals) = postSolution
		SolutionGuid = {5CF97F6C-10A2-49BA-BB9A-D3288FC7B090}
	EndGlobalSection
EndGlobal
