
Microsoft Visual Studio Solution File, Format Version 12.00
# Visual Studio Version 16
VisualStudioVersion = 16.0.31205.134
MinimumVisualStudioVersion = 10.0.40219.1
Project("{FAE04EC0-301F-11D3-BF4B-00C04F79EFBC}") = "HelloWorld", "HelloWorld\HelloWorld.csproj", "{02AFE6B8-FF62-4214-B6B1-230388C503EA}"
EndProject
Global
	GlobalSection(SolutionConfigurationPlatforms) = preSolution
		Debug|Any CPU = Debug|Any CPU
		Release|Any CPU = Release|Any CPU
	EndGlobalSection
	GlobalSection(ProjectConfigurationPlatforms) = postSolution
		{02AFE6B8-FF62-4214-B6B1-230388C503EA}.Debug|Any CPU.ActiveCfg = Debug|Any CPU
		{02AFE6B8-FF62-4214-B6B1-230388C503EA}.Debug|Any CPU.Build.0 = Debug|Any CPU
		{02AFE6B8-FF62-4214-B6B1-230388C503EA}.Release|Any CPU.ActiveCfg = Release|Any CPU
		{02AFE6B8-FF62-4214-B6B1-230388C503EA}.Release|Any CPU.Build.0 = Release|Any CPU
	EndGlobalSection
	GlobalSection(SolutionProperties) = preSolution
		HideSolutionNode = FALSE
	EndGlobalSection
	GlobalSection(ExtensibilityGlobals) = postSolution
		SolutionGuid = {8C711812-F2E5-4A95-AD75-89E8AB18993B}
	EndGlobalSection
EndGlobal
