
Microsoft Visual Studio Solution File, Format Version 12.00
# Visual Studio Version 16
VisualStudioVersion = 16.0.31205.134
MinimumVisualStudioVersion = 10.0.40219.1
Project("{FAE04EC0-301F-11D3-BF4B-00C04F79EFBC}") = "clsCalculation", "clsCalculation\clsCalculation.csproj", "{2780F814-70F4-44A4-B9C3-595A6DE8B5AC}"
EndProject
Project("{FAE04EC0-301F-11D3-BF4B-00C04F79EFBC}") = "CalculationExample", "..\CalculationExample\CalculationExample.csproj", "{C2A3E79B-632B-4365-B853-E03F383165C0}"
EndProject
Global
	GlobalSection(SolutionConfigurationPlatforms) = preSolution
		Debug|Any CPU = Debug|Any CPU
		Release|Any CPU = Release|Any CPU
	EndGlobalSection
	GlobalSection(ProjectConfigurationPlatforms) = postSolution
		{2780F814-70F4-44A4-B9C3-595A6DE8B5AC}.Debug|Any CPU.ActiveCfg = Debug|Any CPU
		{2780F814-70F4-44A4-B9C3-595A6DE8B5AC}.Debug|Any CPU.Build.0 = Debug|Any CPU
		{2780F814-70F4-44A4-B9C3-595A6DE8B5AC}.Release|Any CPU.ActiveCfg = Release|Any CPU
		{2780F814-70F4-44A4-B9C3-595A6DE8B5AC}.Release|Any CPU.Build.0 = Release|Any CPU
		{C2A3E79B-632B-4365-B853-E03F383165C0}.Debug|Any CPU.ActiveCfg = Debug|Any CPU
		{C2A3E79B-632B-4365-B853-E03F383165C0}.Debug|Any CPU.Build.0 = Debug|Any CPU
		{C2A3E79B-632B-4365-B853-E03F383165C0}.Release|Any CPU.ActiveCfg = Release|Any CPU
		{C2A3E79B-632B-4365-B853-E03F383165C0}.Release|Any CPU.Build.0 = Release|Any CPU
	EndGlobalSection
	GlobalSection(SolutionProperties) = preSolution
		HideSolutionNode = FALSE
	EndGlobalSection
	GlobalSection(ExtensibilityGlobals) = postSolution
		SolutionGuid = {EB8AFAAD-D67E-4D31-887D-FB57BFAB756F}
	EndGlobalSection
EndGlobal
