
Microsoft Visual Studio Solution File, Format Version 12.00
# Visual Studio Version 16
VisualStudioVersion = 16.0.31205.134
MinimumVisualStudioVersion = 10.0.40219.1
Project("{FAE04EC0-301F-11D3-BF4B-00C04F79EFBC}") = "FileExample2", "FileExample2\FileExample2.csproj", "{EAD392DF-DBBE-4F27-99E9-30AC53A2CF80}"
EndProject
Global
	GlobalSection(SolutionConfigurationPlatforms) = preSolution
		Debug|Any CPU = Debug|Any CPU
		Release|Any CPU = Release|Any CPU
	EndGlobalSection
	GlobalSection(ProjectConfigurationPlatforms) = postSolution
		{EAD392DF-DBBE-4F27-99E9-30AC53A2CF80}.Debug|Any CPU.ActiveCfg = Debug|Any CPU
		{EAD392DF-DBBE-4F27-99E9-30AC53A2CF80}.Debug|Any CPU.Build.0 = Debug|Any CPU
		{EAD392DF-DBBE-4F27-99E9-30AC53A2CF80}.Release|Any CPU.ActiveCfg = Release|Any CPU
		{EAD392DF-DBBE-4F27-99E9-30AC53A2CF80}.Release|Any CPU.Build.0 = Release|Any CPU
	EndGlobalSection
	GlobalSection(SolutionProperties) = preSolution
		HideSolutionNode = FALSE
	EndGlobalSection
	GlobalSection(ExtensibilityGlobals) = postSolution
		SolutionGuid = {3E5FD7B6-BBE8-499F-BBEA-6B048CCDBE2B}
	EndGlobalSection
EndGlobal
